
Microsoft Visual Studio Solution File, Format Version 11.00
# Visual C# Express 2010
Project("{FAE04EC0-301F-11D3-BF4B-00C04F79EFBC}") = "Glava4", "Glava4\Glava4.csproj", "{01225540-D47A-4247-BC8A-636FD76216C6}"
EndProject
Project("{FAE04EC0-301F-11D3-BF4B-00C04F79EFBC}") = "shifrator", "shifrator\shifrator.csproj", "{9D43B49C-4E5F-4F84-A9C7-1D58A46BA4E3}"
EndProject
Project("{FAE04EC0-301F-11D3-BF4B-00C04F79EFBC}") = "Glava2", "Glava2\Glava2.csproj", "{CCC28623-EBE4-4F27-B336-877B60679F81}"
EndProject
Project("{FAE04EC0-301F-11D3-BF4B-00C04F79EFBC}") = "Glava3", "Glava3\Glava3.csproj", "{6BCE84CF-AEBE-4A6C-B94A-35B98DBCD4B2}"
EndProject
Project("{FAE04EC0-301F-11D3-BF4B-00C04F79EFBC}") = "Zmeyka", "Zmeyka\Zmeyka.csproj", "{BE46B88B-FAEF-4CBE-BF5E-0D968BF5FAD2}"
EndProject
Project("{FAE04EC0-301F-11D3-BF4B-00C04F79EFBC}") = "Glava5", "Glava5\Glava5.csproj", "{9F323BE1-6C19-40F5-B186-74CA4C4AA042}"
EndProject
Project("{FAE04EC0-301F-11D3-BF4B-00C04F79EFBC}") = "Glava6", "Glava6\Glava6.csproj", "{E7F11894-04C9-4AC7-B7B8-FBC7419452CD}"
EndProject
Project("{FAE04EC0-301F-11D3-BF4B-00C04F79EFBC}") = "Probnik", "Probnik\Probnik.csproj", "{F53AE2F9-211D-47BF-98FC-BE049A045B13}"
EndProject
Project("{FAE04EC0-301F-11D3-BF4B-00C04F79EFBC}") = "Glava7", "Glava7\Glava7.csproj", "{D73414D5-16D9-44BD-8614-89D9B50806F0}"
EndProject
Project("{FAE04EC0-301F-11D3-BF4B-00C04F79EFBC}") = "Glava8", "Glava8\Glava8.csproj", "{3B2BFB0C-7EC4-4160-B4CF-354D6EA9B001}"
EndProject
Project("{FAE04EC0-301F-11D3-BF4B-00C04F79EFBC}") = "Snake", "Snake\Snake.csproj", "{628BAAD4-B2D6-40CC-8790-4E200DF0E670}"
EndProject
Project("{FAE04EC0-301F-11D3-BF4B-00C04F79EFBC}") = "fints", "fints\fints.csproj", "{4111A8ED-3C69-4518-8FC6-F916865A62CB}"
EndProject
Project("{FAE04EC0-301F-11D3-BF4B-00C04F79EFBC}") = "Glava9", "Glava9\Glava9.csproj", "{826209E1-3B6A-4182-9597-E6BC6E29CA3E}"
EndProject
Project("{FAE04EC0-301F-11D3-BF4B-00C04F79EFBC}") = "Glava10", "Glava10\Glava10.csproj", "{3F4F3630-52D5-42CC-AB9B-CB670E983947}"
EndProject
Project("{FAE04EC0-301F-11D3-BF4B-00C04F79EFBC}") = "Tools", "Tools\Tools.csproj", "{D92771DE-F94C-4589-9868-660CAD688E1F}"
EndProject
Project("{FAE04EC0-301F-11D3-BF4B-00C04F79EFBC}") = "Glava11", "Glava11\Glava11.csproj", "{D6F1D218-C95D-46F0-ADB8-778C23558183}"
EndProject
Project("{FAE04EC0-301F-11D3-BF4B-00C04F79EFBC}") = "Glava12", "Glava12\Glava12.csproj", "{4AF4E1D9-BD27-47BC-9C9B-FF19CC224DC0}"
EndProject
Global
	GlobalSection(SolutionConfigurationPlatforms) = preSolution
		Debug|x86 = Debug|x86
		Release|x86 = Release|x86
	EndGlobalSection
	GlobalSection(ProjectConfigurationPlatforms) = postSolution
		{01225540-D47A-4247-BC8A-636FD76216C6}.Debug|x86.ActiveCfg = Debug|x86
		{01225540-D47A-4247-BC8A-636FD76216C6}.Debug|x86.Build.0 = Debug|x86
		{01225540-D47A-4247-BC8A-636FD76216C6}.Release|x86.ActiveCfg = Release|x86
		{01225540-D47A-4247-BC8A-636FD76216C6}.Release|x86.Build.0 = Release|x86
		{9D43B49C-4E5F-4F84-A9C7-1D58A46BA4E3}.Debug|x86.ActiveCfg = Debug|x86
		{9D43B49C-4E5F-4F84-A9C7-1D58A46BA4E3}.Debug|x86.Build.0 = Debug|x86
		{9D43B49C-4E5F-4F84-A9C7-1D58A46BA4E3}.Release|x86.ActiveCfg = Release|x86
		{9D43B49C-4E5F-4F84-A9C7-1D58A46BA4E3}.Release|x86.Build.0 = Release|x86
		{CCC28623-EBE4-4F27-B336-877B60679F81}.Debug|x86.ActiveCfg = Debug|x86
		{CCC28623-EBE4-4F27-B336-877B60679F81}.Debug|x86.Build.0 = Debug|x86
		{CCC28623-EBE4-4F27-B336-877B60679F81}.Release|x86.ActiveCfg = Release|x86
		{CCC28623-EBE4-4F27-B336-877B60679F81}.Release|x86.Build.0 = Release|x86
		{6BCE84CF-AEBE-4A6C-B94A-35B98DBCD4B2}.Debug|x86.ActiveCfg = Debug|x86
		{6BCE84CF-AEBE-4A6C-B94A-35B98DBCD4B2}.Debug|x86.Build.0 = Debug|x86
		{6BCE84CF-AEBE-4A6C-B94A-35B98DBCD4B2}.Release|x86.ActiveCfg = Release|x86
		{6BCE84CF-AEBE-4A6C-B94A-35B98DBCD4B2}.Release|x86.Build.0 = Release|x86
		{BE46B88B-FAEF-4CBE-BF5E-0D968BF5FAD2}.Debug|x86.ActiveCfg = Debug|x86
		{BE46B88B-FAEF-4CBE-BF5E-0D968BF5FAD2}.Debug|x86.Build.0 = Debug|x86
		{BE46B88B-FAEF-4CBE-BF5E-0D968BF5FAD2}.Release|x86.ActiveCfg = Release|x86
		{BE46B88B-FAEF-4CBE-BF5E-0D968BF5FAD2}.Release|x86.Build.0 = Release|x86
		{9F323BE1-6C19-40F5-B186-74CA4C4AA042}.Debug|x86.ActiveCfg = Debug|x86
		{9F323BE1-6C19-40F5-B186-74CA4C4AA042}.Debug|x86.Build.0 = Debug|x86
		{9F323BE1-6C19-40F5-B186-74CA4C4AA042}.Release|x86.ActiveCfg = Release|x86
		{9F323BE1-6C19-40F5-B186-74CA4C4AA042}.Release|x86.Build.0 = Release|x86
		{E7F11894-04C9-4AC7-B7B8-FBC7419452CD}.Debug|x86.ActiveCfg = Debug|x86
		{E7F11894-04C9-4AC7-B7B8-FBC7419452CD}.Debug|x86.Build.0 = Debug|x86
		{E7F11894-04C9-4AC7-B7B8-FBC7419452CD}.Release|x86.ActiveCfg = Release|x86
		{E7F11894-04C9-4AC7-B7B8-FBC7419452CD}.Release|x86.Build.0 = Release|x86
		{F53AE2F9-211D-47BF-98FC-BE049A045B13}.Debug|x86.ActiveCfg = Debug|x86
		{F53AE2F9-211D-47BF-98FC-BE049A045B13}.Debug|x86.Build.0 = Debug|x86
		{F53AE2F9-211D-47BF-98FC-BE049A045B13}.Release|x86.ActiveCfg = Release|x86
		{F53AE2F9-211D-47BF-98FC-BE049A045B13}.Release|x86.Build.0 = Release|x86
		{D73414D5-16D9-44BD-8614-89D9B50806F0}.Debug|x86.ActiveCfg = Debug|x86
		{D73414D5-16D9-44BD-8614-89D9B50806F0}.Debug|x86.Build.0 = Debug|x86
		{D73414D5-16D9-44BD-8614-89D9B50806F0}.Release|x86.ActiveCfg = Release|x86
		{D73414D5-16D9-44BD-8614-89D9B50806F0}.Release|x86.Build.0 = Release|x86
		{3B2BFB0C-7EC4-4160-B4CF-354D6EA9B001}.Debug|x86.ActiveCfg = Debug|x86
		{3B2BFB0C-7EC4-4160-B4CF-354D6EA9B001}.Debug|x86.Build.0 = Debug|x86
		{3B2BFB0C-7EC4-4160-B4CF-354D6EA9B001}.Release|x86.ActiveCfg = Release|x86
		{3B2BFB0C-7EC4-4160-B4CF-354D6EA9B001}.Release|x86.Build.0 = Release|x86
		{628BAAD4-B2D6-40CC-8790-4E200DF0E670}.Debug|x86.ActiveCfg = Debug|x86
		{628BAAD4-B2D6-40CC-8790-4E200DF0E670}.Debug|x86.Build.0 = Debug|x86
		{628BAAD4-B2D6-40CC-8790-4E200DF0E670}.Release|x86.ActiveCfg = Release|x86
		{628BAAD4-B2D6-40CC-8790-4E200DF0E670}.Release|x86.Build.0 = Release|x86
		{4111A8ED-3C69-4518-8FC6-F916865A62CB}.Debug|x86.ActiveCfg = Debug|x86
		{4111A8ED-3C69-4518-8FC6-F916865A62CB}.Debug|x86.Build.0 = Debug|x86
		{4111A8ED-3C69-4518-8FC6-F916865A62CB}.Release|x86.ActiveCfg = Release|x86
		{4111A8ED-3C69-4518-8FC6-F916865A62CB}.Release|x86.Build.0 = Release|x86
		{826209E1-3B6A-4182-9597-E6BC6E29CA3E}.Debug|x86.ActiveCfg = Debug|x86
		{826209E1-3B6A-4182-9597-E6BC6E29CA3E}.Debug|x86.Build.0 = Debug|x86
		{826209E1-3B6A-4182-9597-E6BC6E29CA3E}.Release|x86.ActiveCfg = Release|x86
		{826209E1-3B6A-4182-9597-E6BC6E29CA3E}.Release|x86.Build.0 = Release|x86
		{3F4F3630-52D5-42CC-AB9B-CB670E983947}.Debug|x86.ActiveCfg = Debug|x86
		{3F4F3630-52D5-42CC-AB9B-CB670E983947}.Debug|x86.Build.0 = Debug|x86
		{3F4F3630-52D5-42CC-AB9B-CB670E983947}.Release|x86.ActiveCfg = Release|x86
		{3F4F3630-52D5-42CC-AB9B-CB670E983947}.Release|x86.Build.0 = Release|x86
		{D92771DE-F94C-4589-9868-660CAD688E1F}.Debug|x86.ActiveCfg = Debug|x86
		{D92771DE-F94C-4589-9868-660CAD688E1F}.Debug|x86.Build.0 = Debug|x86
		{D92771DE-F94C-4589-9868-660CAD688E1F}.Release|x86.ActiveCfg = Release|x86
		{D92771DE-F94C-4589-9868-660CAD688E1F}.Release|x86.Build.0 = Release|x86
		{D6F1D218-C95D-46F0-ADB8-778C23558183}.Debug|x86.ActiveCfg = Debug|x86
		{D6F1D218-C95D-46F0-ADB8-778C23558183}.Debug|x86.Build.0 = Debug|x86
		{D6F1D218-C95D-46F0-ADB8-778C23558183}.Release|x86.ActiveCfg = Release|x86
		{D6F1D218-C95D-46F0-ADB8-778C23558183}.Release|x86.Build.0 = Release|x86
		{4AF4E1D9-BD27-47BC-9C9B-FF19CC224DC0}.Debug|x86.ActiveCfg = Debug|x86
		{4AF4E1D9-BD27-47BC-9C9B-FF19CC224DC0}.Debug|x86.Build.0 = Debug|x86
		{4AF4E1D9-BD27-47BC-9C9B-FF19CC224DC0}.Release|x86.ActiveCfg = Release|x86
		{4AF4E1D9-BD27-47BC-9C9B-FF19CC224DC0}.Release|x86.Build.0 = Release|x86
	EndGlobalSection
	GlobalSection(SolutionProperties) = preSolution
		HideSolutionNode = FALSE
	EndGlobalSection
EndGlobal
